
Microsoft Visual Studio Solution File, Format Version 12.00
# Visual Studio 14
VisualStudioVersion = 14.0.25123.0
MinimumVisualStudioVersion = 10.0.40219.1
Project("{2150E333-8FDC-42A3-9474-1A3956D46DE8}") = "Learn_CSharp", "Learn_CSharp", "{3A71DCFC-A83C-4B6C-8CB9-F6BDFDF1A7BA}"
EndProject
Project("{FAE04EC0-301F-11D3-BF4B-00C04F79EFBC}") = "Learn_CSharp", "Learn_CSharp\Learn_CSharp.csproj", "{F546976E-2F71-4E7B-8BA7-EA9F3E4DC434}"
EndProject
Project("{2150E333-8FDC-42A3-9474-1A3956D46DE8}") = "Learn_EF", "Learn_EF", "{16B94995-F97D-469C-B367-6B3184CB1058}"
EndProject
Project("{FAE04EC0-301F-11D3-BF4B-00C04F79EFBC}") = "Learn_EF", "Learn_EF\Learn_EF\Learn_EF.csproj", "{BB1EFD59-0AD4-4ACB-8526-C972EC6D008A}"
EndProject
Project("{2150E333-8FDC-42A3-9474-1A3956D46DE8}") = "Learn_JsonSerialize", "Learn_JsonSerialize", "{D08A5B3D-341E-47B7-9891-F73B94C5BFA1}"
EndProject
Project("{FAE04EC0-301F-11D3-BF4B-00C04F79EFBC}") = "Learn_JsonSerialize", "Learn_JsonSerialize\Learn_JsonSerialize.csproj", "{3A3582F7-1324-4C46-9E34-E10F4F1F1C8E}"
EndProject
Project("{2150E333-8FDC-42A3-9474-1A3956D46DE8}") = "Learn_Linq", "Learn_Linq", "{D96B76C5-F8A6-4568-A573-C78D37687AA9}"
EndProject
Project("{FAE04EC0-301F-11D3-BF4B-00C04F79EFBC}") = "linq2", "Learn_Linq\linq2\linq2.csproj", "{CD44E969-2E17-4278-9AEA-8DE9F3ED8DA2}"
EndProject
Project("{2150E333-8FDC-42A3-9474-1A3956D46DE8}") = "Learn_MiniPorfiler", "Learn_MiniPorfiler", "{9DA5FDEE-F6DB-4941-B185-6D88B525E686}"
EndProject
Project("{FAE04EC0-301F-11D3-BF4B-00C04F79EFBC}") = "TempMVCWeb", "MiniPorfiler\TempMVCWeb\TempMVCWeb.csproj", "{696EFC0C-C452-4C70-BE40-985768567F0C}"
EndProject
Project("{FAE04EC0-301F-11D3-BF4B-00C04F79EFBC}") = "DoMain", "MiniPorfiler\DoMain\DoMain.csproj", "{8FCC12DB-8A85-4501-BDCA-6015B7E4AB4C}"
EndProject
Project("{2150E333-8FDC-42A3-9474-1A3956D46DE8}") = "Learn_Log4net", "Learn_Log4net", "{3146A61F-17DA-4EE7-8BD0-2AE5A3F6F9FD}"
EndProject
Project("{FAE04EC0-301F-11D3-BF4B-00C04F79EFBC}") = "log4net_Test", "Learn_log4net\log4net_Test\log4net_Test.csproj", "{258461CE-CAA6-4D78-BA9D-8BCED9F75265}"
EndProject
Global
	GlobalSection(SolutionConfigurationPlatforms) = preSolution
		Debug|Any CPU = Debug|Any CPU
		Release|Any CPU = Release|Any CPU
	EndGlobalSection
	GlobalSection(ProjectConfigurationPlatforms) = postSolution
		{F546976E-2F71-4E7B-8BA7-EA9F3E4DC434}.Debug|Any CPU.ActiveCfg = Debug|Any CPU
		{F546976E-2F71-4E7B-8BA7-EA9F3E4DC434}.Debug|Any CPU.Build.0 = Debug|Any CPU
		{F546976E-2F71-4E7B-8BA7-EA9F3E4DC434}.Release|Any CPU.ActiveCfg = Release|Any CPU
		{F546976E-2F71-4E7B-8BA7-EA9F3E4DC434}.Release|Any CPU.Build.0 = Release|Any CPU
		{BB1EFD59-0AD4-4ACB-8526-C972EC6D008A}.Debug|Any CPU.ActiveCfg = Debug|Any CPU
		{BB1EFD59-0AD4-4ACB-8526-C972EC6D008A}.Debug|Any CPU.Build.0 = Debug|Any CPU
		{BB1EFD59-0AD4-4ACB-8526-C972EC6D008A}.Release|Any CPU.ActiveCfg = Release|Any CPU
		{BB1EFD59-0AD4-4ACB-8526-C972EC6D008A}.Release|Any CPU.Build.0 = Release|Any CPU
		{3A3582F7-1324-4C46-9E34-E10F4F1F1C8E}.Debug|Any CPU.ActiveCfg = Debug|Any CPU
		{3A3582F7-1324-4C46-9E34-E10F4F1F1C8E}.Debug|Any CPU.Build.0 = Debug|Any CPU
		{3A3582F7-1324-4C46-9E34-E10F4F1F1C8E}.Release|Any CPU.ActiveCfg = Release|Any CPU
		{3A3582F7-1324-4C46-9E34-E10F4F1F1C8E}.Release|Any CPU.Build.0 = Release|Any CPU
		{CD44E969-2E17-4278-9AEA-8DE9F3ED8DA2}.Debug|Any CPU.ActiveCfg = Debug|Any CPU
		{CD44E969-2E17-4278-9AEA-8DE9F3ED8DA2}.Debug|Any CPU.Build.0 = Debug|Any CPU
		{CD44E969-2E17-4278-9AEA-8DE9F3ED8DA2}.Release|Any CPU.ActiveCfg = Release|Any CPU
		{CD44E969-2E17-4278-9AEA-8DE9F3ED8DA2}.Release|Any CPU.Build.0 = Release|Any CPU
		{696EFC0C-C452-4C70-BE40-985768567F0C}.Debug|Any CPU.ActiveCfg = Debug|Any CPU
		{696EFC0C-C452-4C70-BE40-985768567F0C}.Debug|Any CPU.Build.0 = Debug|Any CPU
		{696EFC0C-C452-4C70-BE40-985768567F0C}.Release|Any CPU.ActiveCfg = Release|Any CPU
		{696EFC0C-C452-4C70-BE40-985768567F0C}.Release|Any CPU.Build.0 = Release|Any CPU
		{8FCC12DB-8A85-4501-BDCA-6015B7E4AB4C}.Debug|Any CPU.ActiveCfg = Debug|Any CPU
		{8FCC12DB-8A85-4501-BDCA-6015B7E4AB4C}.Debug|Any CPU.Build.0 = Debug|Any CPU
		{8FCC12DB-8A85-4501-BDCA-6015B7E4AB4C}.Release|Any CPU.ActiveCfg = Release|Any CPU
		{8FCC12DB-8A85-4501-BDCA-6015B7E4AB4C}.Release|Any CPU.Build.0 = Release|Any CPU
		{258461CE-CAA6-4D78-BA9D-8BCED9F75265}.Debug|Any CPU.ActiveCfg = Debug|Any CPU
		{258461CE-CAA6-4D78-BA9D-8BCED9F75265}.Debug|Any CPU.Build.0 = Debug|Any CPU
		{258461CE-CAA6-4D78-BA9D-8BCED9F75265}.Release|Any CPU.ActiveCfg = Release|Any CPU
		{258461CE-CAA6-4D78-BA9D-8BCED9F75265}.Release|Any CPU.Build.0 = Release|Any CPU
	EndGlobalSection
	GlobalSection(SolutionProperties) = preSolution
		HideSolutionNode = FALSE
	EndGlobalSection
	GlobalSection(NestedProjects) = preSolution
		{F546976E-2F71-4E7B-8BA7-EA9F3E4DC434} = {3A71DCFC-A83C-4B6C-8CB9-F6BDFDF1A7BA}
		{BB1EFD59-0AD4-4ACB-8526-C972EC6D008A} = {16B94995-F97D-469C-B367-6B3184CB1058}
		{3A3582F7-1324-4C46-9E34-E10F4F1F1C8E} = {D08A5B3D-341E-47B7-9891-F73B94C5BFA1}
		{CD44E969-2E17-4278-9AEA-8DE9F3ED8DA2} = {D96B76C5-F8A6-4568-A573-C78D37687AA9}
		{696EFC0C-C452-4C70-BE40-985768567F0C} = {9DA5FDEE-F6DB-4941-B185-6D88B525E686}
		{8FCC12DB-8A85-4501-BDCA-6015B7E4AB4C} = {9DA5FDEE-F6DB-4941-B185-6D88B525E686}
		{258461CE-CAA6-4D78-BA9D-8BCED9F75265} = {3146A61F-17DA-4EE7-8BD0-2AE5A3F6F9FD}
	EndGlobalSection
EndGlobal
